
Microsoft Visual Studio Solution File, Format Version 12.00
# Visual Studio Version 16
VisualStudioVersion = 16.0.31702.278
MinimumVisualStudioVersion = 10.0.40219.1
Project("{FAE04EC0-301F-11D3-BF4B-00C04F79EFBC}") = "SinusSkateboards.UI", "SinusSkateboards.UI\SinusSkateboards.UI.csproj", "{FB871070-FD14-439C-91FB-E8AC72188A51}"
EndProject
Project("{FAE04EC0-301F-11D3-BF4B-00C04F79EFBC}") = "SinusSkateboards.Application", "SinusSkateboards.Application\SinusSkateboards.Application.csproj", "{78282765-57C4-4ABC-9A37-B2BCDBA7F729}"
EndProject
Project("{FAE04EC0-301F-11D3-BF4B-00C04F79EFBC}") = "SinusSkateboards.DataAccess", "SinusSkateboards.DataAccess\SinusSkateboards.DataAccess.csproj", "{739DE0AD-C93C-47DB-8577-EB1B5FC72269}"
EndProject
Project("{FAE04EC0-301F-11D3-BF4B-00C04F79EFBC}") = "SinusSkateboards.Domain", "SinusSkateboards.Domain\SinusSkateboards.Domain.csproj", "{F73A417E-370D-43C1-B18D-261B8F033B27}"
EndProject
Global
	GlobalSection(SolutionConfigurationPlatforms) = preSolution
		Debug|Any CPU = Debug|Any CPU
		Release|Any CPU = Release|Any CPU
	EndGlobalSection
	GlobalSection(ProjectConfigurationPlatforms) = postSolution
		{FB871070-FD14-439C-91FB-E8AC72188A51}.Debug|Any CPU.ActiveCfg = Debug|Any CPU
		{FB871070-FD14-439C-91FB-E8AC72188A51}.Debug|Any CPU.Build.0 = Debug|Any CPU
		{FB871070-FD14-439C-91FB-E8AC72188A51}.Release|Any CPU.ActiveCfg = Release|Any CPU
		{FB871070-FD14-439C-91FB-E8AC72188A51}.Release|Any CPU.Build.0 = Release|Any CPU
		{78282765-57C4-4ABC-9A37-B2BCDBA7F729}.Debug|Any CPU.ActiveCfg = Debug|Any CPU
		{78282765-57C4-4ABC-9A37-B2BCDBA7F729}.Debug|Any CPU.Build.0 = Debug|Any CPU
		{78282765-57C4-4ABC-9A37-B2BCDBA7F729}.Release|Any CPU.ActiveCfg = Release|Any CPU
		{78282765-57C4-4ABC-9A37-B2BCDBA7F729}.Release|Any CPU.Build.0 = Release|Any CPU
		{739DE0AD-C93C-47DB-8577-EB1B5FC72269}.Debug|Any CPU.ActiveCfg = Debug|Any CPU
		{739DE0AD-C93C-47DB-8577-EB1B5FC72269}.Debug|Any CPU.Build.0 = Debug|Any CPU
		{739DE0AD-C93C-47DB-8577-EB1B5FC72269}.Release|Any CPU.ActiveCfg = Release|Any CPU
		{739DE0AD-C93C-47DB-8577-EB1B5FC72269}.Release|Any CPU.Build.0 = Release|Any CPU
		{F73A417E-370D-43C1-B18D-261B8F033B27}.Debug|Any CPU.ActiveCfg = Debug|Any CPU
		{F73A417E-370D-43C1-B18D-261B8F033B27}.Debug|Any CPU.Build.0 = Debug|Any CPU
		{F73A417E-370D-43C1-B18D-261B8F033B27}.Release|Any CPU.ActiveCfg = Release|Any CPU
		{F73A417E-370D-43C1-B18D-261B8F033B27}.Release|Any CPU.Build.0 = Release|Any CPU
		{EDDAA4AA-8D5B-4FB8-83F8-199A23E841AD}.Debug|Any CPU.ActiveCfg = Debug|Any CPU
		{EDDAA4AA-8D5B-4FB8-83F8-199A23E841AD}.Debug|Any CPU.Build.0 = Debug|Any CPU
		{EDDAA4AA-8D5B-4FB8-83F8-199A23E841AD}.Release|Any CPU.ActiveCfg = Release|Any CPU
		{EDDAA4AA-8D5B-4FB8-83F8-199A23E841AD}.Release|Any CPU.Build.0 = Release|Any CPU
	EndGlobalSection
	GlobalSection(SolutionProperties) = preSolution
		HideSolutionNode = FALSE
	EndGlobalSection
	GlobalSection(ExtensibilityGlobals) = postSolution
		SolutionGuid = {ABBB7BA2-7DF4-46D2-8DAC-22255A7568EF}
	EndGlobalSection
EndGlobal
